<?xml version="1.0" encoding="utf-8"?>
<Project ToolsVersion="4.0" xmlns="http://schemas.microsoft.com/developer/msbuild/2003">
  <ItemGroup>
    <Filter Include="Source Files">
      <UniqueIdentifier>{4FC737F1-C7A5-4376-A066-2A32D752A2FF}</UniqueIdentifier>
      <Extensions>cpp;c;cc;cxx;c++;cppm;ixx;def;odl;idl;hpj;bat;asm;asmx</Extensions>
    </Filter>
    <Filter Include="Header Files">
      <UniqueIdentifier>{93995380-89BD-4b04-88EB-625FBE52EBFB}</UniqueIdentifier>
      <Extensions>h;hh;hpp;hxx;h++;hm;inl;inc;ipp;xsd</Extensions>
    </Filter>
    <Filter Include="Resource Files">
      <UniqueIdentifier>{67DA6AB6-F800-4c08-8B7A-83BB121AAD01}</UniqueIdentifier>
      <Extensions>rc;ico;cur;bmp;dlg;rc2;rct;bin;rgs;gif;jpg;jpeg;jpe;resx;tiff;tif;png;wav;mfcribbon-ms</Extensions>
    </Filter>
  </ItemGroup>
  <ItemGroup>
    <ClCompile Include="OOP13_kpi.cpp">
      <Filter>Source Files</Filter>
    </ClCompile>
    <ClCompile Include="generalFlight.cpp">
      <Filter>Source Files</Filter>
    </ClCompile>
    <ClCompile Include="airport4.cpp">
      <Filter>Source Files</Filter>
    </ClCompile>
    <ClCompile Include="charterFlight.cpp">
      <Filter>Source Files</Filter>
    </ClCompile>
    <ClCompile Include="flight5.cpp">
      <Filter>Source Files</Filter>
    </ClCompile>
    <ClCompile Include="menu.cpp">
      <Filter>Source Files</Filter>
    </ClCompile>
    <ClCompile Include="fileManager.cpp">
      <Filter>Source Files</Filter>
    </ClCompile>
    <ClCompile Include="UserInterface.cpp">
      <Filter>Source Files</Filter>
    </ClCompile>
    <ClCompile Include="baseException.cpp">
      <Filter>Source Files</Filter>
    </ClCompile>
    <ClCompile Include="fileException.cpp">
      <Filter>Source Files</Filter>
    </ClCompile>
  </ItemGroup>
  <ItemGroup>
    <ClInclude Include="airport4.h">
      <Filter>Source Files</Filter>
    </ClInclude>
    <ClInclude Include="generalFlight.h">
      <Filter>Source Files</Filter>
    </ClInclude>
    <ClInclude Include="charterFlight.h">
      <Filter>Source Files</Filter>
    </ClInclude>
    <ClInclude Include="flight5.h">
      <Filter>Source Files</Filter>
    </ClInclude>
    <ClInclude Include="menu.h">
      <Filter>Source Files</Filter>
    </ClInclude>
    <ClInclude Include="fileManager.h">
      <Filter>Source Files</Filter>
    </ClInclude>
    <ClInclude Include="UserInterface.h">
      <Filter>Source Files</Filter>
    </ClInclude>
    <ClInclude Include="baseException.h">
      <Filter>Source Files</Filter>
    </ClInclude>
    <ClInclude Include="FileException.h">
      <Filter>Source Files</Filter>
    </ClInclude>
  </ItemGroup>
  <ItemGroup>
    <Text Include="flights4.txt">
      <Filter>Source Files</Filter>
    </Text>
  </ItemGroup>
</Project>